
Microsoft Visual Studio Solution File, Format Version 12.00
# Visual Studio Version 16
VisualStudioVersion = 16.0.29920.165
MinimumVisualStudioVersion = 10.0.40219.1
Project("{FAE04EC0-301F-11D3-BF4B-00C04F79EFBC}") = "Horak_TCPCLIENT_Multithread", "Horak_TCPCLIENT_Multithread\Horak_TCPCLIENT_Multithread.csproj", "{620ACC2C-8149-4CCB-85E6-446888ECFC6D}"
EndProject
Global
	GlobalSection(SolutionConfigurationPlatforms) = preSolution
		Debug|Any CPU = Debug|Any CPU
		Release|Any CPU = Release|Any CPU
	EndGlobalSection
	GlobalSection(ProjectConfigurationPlatforms) = postSolution
		{620ACC2C-8149-4CCB-85E6-446888ECFC6D}.Debug|Any CPU.ActiveCfg = Debug|Any CPU
		{620ACC2C-8149-4CCB-85E6-446888ECFC6D}.Debug|Any CPU.Build.0 = Debug|Any CPU
		{620ACC2C-8149-4CCB-85E6-446888ECFC6D}.Release|Any CPU.ActiveCfg = Release|Any CPU
		{620ACC2C-8149-4CCB-85E6-446888ECFC6D}.Release|Any CPU.Build.0 = Release|Any CPU
	EndGlobalSection
	GlobalSection(SolutionProperties) = preSolution
		HideSolutionNode = FALSE
	EndGlobalSection
	GlobalSection(ExtensibilityGlobals) = postSolution
		SolutionGuid = {DB583D98-96E2-4379-9073-1E2E1BA9E80A}
	EndGlobalSection
EndGlobal
