
Microsoft Visual Studio Solution File, Format Version 12.00
# Visual Studio Version 16
VisualStudioVersion = 16.0.29920.165
MinimumVisualStudioVersion = 10.0.40219.1
Project("{FAE04EC0-301F-11D3-BF4B-00C04F79EFBC}") = "Horak_TCPSERVER_Multithread", "Horak_TCPSERVER_Multithread\Horak_TCPSERVER_Multithread.csproj", "{12971E5C-8E97-401A-881C-1FE10F288FA9}"
EndProject
Global
	GlobalSection(SolutionConfigurationPlatforms) = preSolution
		Debug|Any CPU = Debug|Any CPU
		Release|Any CPU = Release|Any CPU
	EndGlobalSection
	GlobalSection(ProjectConfigurationPlatforms) = postSolution
		{12971E5C-8E97-401A-881C-1FE10F288FA9}.Debug|Any CPU.ActiveCfg = Debug|Any CPU
		{12971E5C-8E97-401A-881C-1FE10F288FA9}.Debug|Any CPU.Build.0 = Debug|Any CPU
		{12971E5C-8E97-401A-881C-1FE10F288FA9}.Release|Any CPU.ActiveCfg = Release|Any CPU
		{12971E5C-8E97-401A-881C-1FE10F288FA9}.Release|Any CPU.Build.0 = Release|Any CPU
	EndGlobalSection
	GlobalSection(SolutionProperties) = preSolution
		HideSolutionNode = FALSE
	EndGlobalSection
	GlobalSection(ExtensibilityGlobals) = postSolution
		SolutionGuid = {1B8812D2-3F8E-4E93-A05C-F8CA68588661}
	EndGlobalSection
EndGlobal
