
Microsoft Visual Studio Solution File, Format Version 12.00
# Visual Studio Version 16
VisualStudioVersion = 16.0.29920.165
MinimumVisualStudioVersion = 10.0.40219.1
Project("{FAE04EC0-301F-11D3-BF4B-00C04F79EFBC}") = "IMDb", "IMDb\IMDb.csproj", "{CF95E40F-2C6D-4F3D-B625-B1B18C2DB6F0}"
EndProject
Global
	GlobalSection(SolutionConfigurationPlatforms) = preSolution
		Debug|Any CPU = Debug|Any CPU
		Release|Any CPU = Release|Any CPU
	EndGlobalSection
	GlobalSection(ProjectConfigurationPlatforms) = postSolution
		{CF95E40F-2C6D-4F3D-B625-B1B18C2DB6F0}.Debug|Any CPU.ActiveCfg = Debug|Any CPU
		{CF95E40F-2C6D-4F3D-B625-B1B18C2DB6F0}.Debug|Any CPU.Build.0 = Debug|Any CPU
		{CF95E40F-2C6D-4F3D-B625-B1B18C2DB6F0}.Release|Any CPU.ActiveCfg = Release|Any CPU
		{CF95E40F-2C6D-4F3D-B625-B1B18C2DB6F0}.Release|Any CPU.Build.0 = Release|Any CPU
	EndGlobalSection
	GlobalSection(SolutionProperties) = preSolution
		HideSolutionNode = FALSE
	EndGlobalSection
	GlobalSection(ExtensibilityGlobals) = postSolution
		SolutionGuid = {60108773-A98F-4B83-8B42-6E663091C1C0}
	EndGlobalSection
EndGlobal
