
Microsoft Visual Studio Solution File, Format Version 12.00
# Visual Studio Version 16
VisualStudioVersion = 16.0.29418.71
MinimumVisualStudioVersion = 10.0.40219.1
Project("{FAE04EC0-301F-11D3-BF4B-00C04F79EFBC}") = "CSFD", "CSFD.csproj", "{621791AD-F3A9-4B62-B4AB-C17766A9C1BA}"
EndProject
Global
	GlobalSection(SolutionConfigurationPlatforms) = preSolution
		Debug|Any CPU = Debug|Any CPU
		Release|Any CPU = Release|Any CPU
	EndGlobalSection
	GlobalSection(ProjectConfigurationPlatforms) = postSolution
		{621791AD-F3A9-4B62-B4AB-C17766A9C1BA}.Debug|Any CPU.ActiveCfg = Debug|Any CPU
		{621791AD-F3A9-4B62-B4AB-C17766A9C1BA}.Debug|Any CPU.Build.0 = Debug|Any CPU
		{621791AD-F3A9-4B62-B4AB-C17766A9C1BA}.Release|Any CPU.ActiveCfg = Release|Any CPU
		{621791AD-F3A9-4B62-B4AB-C17766A9C1BA}.Release|Any CPU.Build.0 = Release|Any CPU
	EndGlobalSection
	GlobalSection(SolutionProperties) = preSolution
		HideSolutionNode = FALSE
	EndGlobalSection
	GlobalSection(ExtensibilityGlobals) = postSolution
		SolutionGuid = {0F417B6C-4F5B-4C0E-97D9-F2CA4EB1DCDE}
	EndGlobalSection
EndGlobal
