
Microsoft Visual Studio Solution File, Format Version 12.00
Project("{FAE04EC0-301F-11D3-BF4B-00C04F79EFBC}") = "HadaniCisel", "HadaniCisel.csproj", "{9BB0188B-B312-439F-9C63-A7E99F9D6F58}"
EndProject
Global
	GlobalSection(SolutionConfigurationPlatforms) = preSolution
		Debug|Any CPU = Debug|Any CPU
		Release|Any CPU = Release|Any CPU
	EndGlobalSection
	GlobalSection(ProjectConfigurationPlatforms) = postSolution
		{9BB0188B-B312-439F-9C63-A7E99F9D6F58}.Debug|Any CPU.ActiveCfg = Debug|Any CPU
		{9BB0188B-B312-439F-9C63-A7E99F9D6F58}.Debug|Any CPU.Build.0 = Debug|Any CPU
		{9BB0188B-B312-439F-9C63-A7E99F9D6F58}.Release|Any CPU.ActiveCfg = Release|Any CPU
		{9BB0188B-B312-439F-9C63-A7E99F9D6F58}.Release|Any CPU.Build.0 = Release|Any CPU
	EndGlobalSection
EndGlobal
