
Microsoft Visual Studio Solution File, Format Version 12.00
# Visual Studio Version 16
VisualStudioVersion = 16.0.29418.71
MinimumVisualStudioVersion = 10.0.40219.1
Project("{FAE04EC0-301F-11D3-BF4B-00C04F79EFBC}") = "ConsoleApp2", "ConsoleApp2.csproj", "{77BFA57C-C359-4A3C-891C-606AFD00068B}"
EndProject
Global
	GlobalSection(SolutionConfigurationPlatforms) = preSolution
		Debug|Any CPU = Debug|Any CPU
		Release|Any CPU = Release|Any CPU
	EndGlobalSection
	GlobalSection(ProjectConfigurationPlatforms) = postSolution
		{77BFA57C-C359-4A3C-891C-606AFD00068B}.Debug|Any CPU.ActiveCfg = Debug|Any CPU
		{77BFA57C-C359-4A3C-891C-606AFD00068B}.Debug|Any CPU.Build.0 = Debug|Any CPU
		{77BFA57C-C359-4A3C-891C-606AFD00068B}.Release|Any CPU.ActiveCfg = Release|Any CPU
		{77BFA57C-C359-4A3C-891C-606AFD00068B}.Release|Any CPU.Build.0 = Release|Any CPU
	EndGlobalSection
	GlobalSection(SolutionProperties) = preSolution
		HideSolutionNode = FALSE
	EndGlobalSection
	GlobalSection(ExtensibilityGlobals) = postSolution
		SolutionGuid = {88036C89-210F-4B71-BE37-20F5B696FA7D}
	EndGlobalSection
EndGlobal
